
Microsoft Visual Studio Solution File, Format Version 12.00
# Visual Studio Version 17
VisualStudioVersion = 17.8.34525.116
MinimumVisualStudioVersion = 10.0.40219.1
Project("{FAE04EC0-301F-11D3-BF4B-00C04F79EFBC}") = "formulario2", "formulario2.csproj", "{AA99A213-4CE0-4D2B-B769-65483C617CD7}"
EndProject
Global
	GlobalSection(SolutionConfigurationPlatforms) = preSolution
		Debug|Any CPU = Debug|Any CPU
		Release|Any CPU = Release|Any CPU
	EndGlobalSection
	GlobalSection(ProjectConfigurationPlatforms) = postSolution
		{AA99A213-4CE0-4D2B-B769-65483C617CD7}.Debug|Any CPU.ActiveCfg = Debug|Any CPU
		{AA99A213-4CE0-4D2B-B769-65483C617CD7}.Debug|Any CPU.Build.0 = Debug|Any CPU
		{AA99A213-4CE0-4D2B-B769-65483C617CD7}.Release|Any CPU.ActiveCfg = Release|Any CPU
		{AA99A213-4CE0-4D2B-B769-65483C617CD7}.Release|Any CPU.Build.0 = Release|Any CPU
	EndGlobalSection
	GlobalSection(SolutionProperties) = preSolution
		HideSolutionNode = FALSE
	EndGlobalSection
	GlobalSection(ExtensibilityGlobals) = postSolution
		SolutionGuid = {D3C600E9-B606-4741-9BB0-4D8D814E467B}
	EndGlobalSection
EndGlobal
